
Microsoft Visual Studio Solution File, Format Version 12.00
# Visual Studio Version 16
VisualStudioVersion = 16.0.31729.503
MinimumVisualStudioVersion = 10.0.40219.1
Project("{FAE04EC0-301F-11D3-BF4B-00C04F79EFBC}") = "ADO.Address", "ADO.Address\ADO.Address.csproj", "{D34A8F5E-1ADE-4BA3-8D32-12C76D9F6D64}"
EndProject
Global
	GlobalSection(SolutionConfigurationPlatforms) = preSolution
		Debug|Any CPU = Debug|Any CPU
		Release|Any CPU = Release|Any CPU
	EndGlobalSection
	GlobalSection(ProjectConfigurationPlatforms) = postSolution
		{D34A8F5E-1ADE-4BA3-8D32-12C76D9F6D64}.Debug|Any CPU.ActiveCfg = Debug|Any CPU
		{D34A8F5E-1ADE-4BA3-8D32-12C76D9F6D64}.Debug|Any CPU.Build.0 = Debug|Any CPU
		{D34A8F5E-1ADE-4BA3-8D32-12C76D9F6D64}.Release|Any CPU.ActiveCfg = Release|Any CPU
		{D34A8F5E-1ADE-4BA3-8D32-12C76D9F6D64}.Release|Any CPU.Build.0 = Release|Any CPU
	EndGlobalSection
	GlobalSection(SolutionProperties) = preSolution
		HideSolutionNode = FALSE
	EndGlobalSection
	GlobalSection(ExtensibilityGlobals) = postSolution
		SolutionGuid = {E6EE9E12-A3F6-4F1B-9249-F8562391F62C}
	EndGlobalSection
EndGlobal
